// !$*UTF8*$!
{
	archiveVersion = 1;
	classes = {
	};
	objectVersion = 50;
	objects = {

/* Begin PBXBuildFile section */
		DC889EE72346660900B3AB93 /* AppDelegate.swift in Sources */ = {isa = PBXBuildFile; fileRef = DC889EE62346660900B3AB93 /* AppDelegate.swift */; };
		DC889EE92346660A00B3AB93 /* SceneDelegate.swift in Sources */ = {isa = PBXBuildFile; fileRef = DC889EE82346660A00B3AB93 /* SceneDelegate.swift */; };
		DC889EEB2346660A00B3AB93 /* ContentView.swift in Sources */ = {isa = PBXBuildFile; fileRef = DC889EEA2346660A00B3AB93 /* ContentView.swift */; };
		DC889EED2346660C00B3AB93 /* Assets.xcassets in Resources */ = {isa = PBXBuildFile; fileRef = DC889EEC2346660C00B3AB93 /* Assets.xcassets */; };
		DC889EF02346660C00B3AB93 /* Preview Assets.xcassets in Resources */ = {isa = PBXBuildFile; fileRef = DC889EEF2346660C00B3AB93 /* Preview Assets.xcassets */; };
		DC889EF32346660C00B3AB93 /* LaunchScreen.storyboard in Resources */ = {isa = PBXBuildFile; fileRef = DC889EF12346660C00B3AB93 /* LaunchScreen.storyboard */; };
/* End PBXBuildFile section */

/* Begin PBXFileReference section */
		DC889EE32346660900B3AB93 /* moya generator example.app */ = {isa = PBXFileReference; explicitFileType = wrapper.application; includeInIndex = 0; path = "moya generator example.app"; sourceTree = BUILT_PRODUCTS_DIR; };
		DC889EE62346660900B3AB93 /* AppDelegate.swift */ = {isa = PBXFileReference; lastKnownFileType = sourcecode.swift; path = AppDelegate.swift; sourceTree = "<group>"; };
		DC889EE82346660A00B3AB93 /* SceneDelegate.swift */ = {isa = PBXFileReference; lastKnownFileType = sourcecode.swift; path = SceneDelegate.swift; sourceTree = "<group>"; };
		DC889EEA2346660A00B3AB93 /* ContentView.swift */ = {isa = PBXFileReference; lastKnownFileType = sourcecode.swift; path = ContentView.swift; sourceTree = "<group>"; };
		DC889EEC2346660C00B3AB93 /* Assets.xcassets */ = {isa = PBXFileReference; lastKnownFileType = folder.assetcatalog; path = Assets.xcassets; sourceTree = "<group>"; };
		DC889EEF2346660C00B3AB93 /* Preview Assets.xcassets */ = {isa = PBXFileReference; lastKnownFileType = folder.assetcatalog; path = "Preview Assets.xcassets"; sourceTree = "<group>"; };
		DC889EF22346660C00B3AB93 /* Base */ = {isa = PBXFileReference; lastKnownFileType = file.storyboard; name = Base; path = Base.lproj/LaunchScreen.storyboard; sourceTree = "<group>"; };
		DC889EF42346660C00B3AB93 /* Info.plist */ = {isa = PBXFileReference; lastKnownFileType = text.plist.xml; path = Info.plist; sourceTree = "<group>"; };
/* End PBXFileReference section */

/* Begin PBXFrameworksBuildPhase section */
		DC889EE02346660900B3AB93 /* Frameworks */ = {
			isa = PBXFrameworksBuildPhase;
			buildActionMask = 2147483647;
			files = (
			);
			runOnlyForDeploymentPostprocessing = 0;
		};
/* End PBXFrameworksBuildPhase section */

/* Begin PBXGroup section */
		DC889EDA2346660900B3AB93 = {
			isa = PBXGroup;
			children = (
				DC889EE52346660900B3AB93 /* moya generator example */,
				DC889EE42346660900B3AB93 /* Products */,
			);
			sourceTree = "<group>";
		};
		DC889EE42346660900B3AB93 /* Products */ = {
			isa = PBXGroup;
			children = (
				DC889EE32346660900B3AB93 /* moya generator example.app */,
			);
			name = Products;
			sourceTree = "<group>";
		};
		DC889EE52346660900B3AB93 /* moya generator example */ = {
			isa = PBXGroup;
			children = (
				DC889EE62346660900B3AB93 /* AppDelegate.swift */,
				DC889EE82346660A00B3AB93 /* SceneDelegate.swift */,
				DC889EEA2346660A00B3AB93 /* ContentView.swift */,
				DC889EEC2346660C00B3AB93 /* Assets.xcassets */,
				DC889EF12346660C00B3AB93 /* LaunchScreen.storyboard */,
				DC889EF42346660C00B3AB93 /* Info.plist */,
				DC889EEE2346660C00B3AB93 /* Preview Content */,
			);
			path = "moya generator example";
			sourceTree = "<group>";
		};
		DC889EEE2346660C00B3AB93 /* Preview Content */ = {
			isa = PBXGroup;
			children = (
				DC889EEF2346660C00B3AB93 /* Preview Assets.xcassets */,
			);
			path = "Preview Content";
			sourceTree = "<group>";
		};
/* End PBXGroup section */

/* Begin PBXNativeTarget section */
		DC889EE22346660900B3AB93 /* moya generator example */ = {
			isa = PBXNativeTarget;
			buildConfigurationList = DC889EF72346660C00B3AB93 /* Build configuration list for PBXNativeTarget "moya generator example" */;
			buildPhases = (
				DC889EDF2346660900B3AB93 /* Sources */,
				DC889EE02346660900B3AB93 /* Frameworks */,
				DC889EE12346660900B3AB93 /* Resources */,
			);
			buildRules = (
			);
			dependencies = (
			);
			name = "moya generator example";
			productName = "moya generator example";
			productReference = DC889EE32346660900B3AB93 /* moya generator example.app */;
			productType = "com.apple.product-type.application";
		};
/* End PBXNativeTarget section */

/* Begin PBXProject section */
		DC889EDB2346660900B3AB93 /* Project object */ = {
			isa = PBXProject;
			attributes = {
				LastSwiftUpdateCheck = 1100;
				LastUpgradeCheck = 1100;
				ORGANIZATIONNAME = epcsht;
				TargetAttributes = {
					DC889EE22346660900B3AB93 = {
						CreatedOnToolsVersion = 11.0;
					};
				};
			};
			buildConfigurationList = DC889EDE2346660900B3AB93 /* Build configuration list for PBXProject "moya generator example" */;
			compatibilityVersion = "Xcode 9.3";
			developmentRegion = en;
			hasScannedForEncodings = 0;
			knownRegions = (
				en,
				Base,
			);
			mainGroup = DC889EDA2346660900B3AB93;
			productRefGroup = DC889EE42346660900B3AB93 /* Products */;
			projectDirPath = "";
			projectRoot = "";
			targets = (
				DC889EE22346660900B3AB93 /* moya generator example */,
			);
		};
/* End PBXProject section */

/* Begin PBXResourcesBuildPhase section */
		DC889EE12346660900B3AB93 /* Resources */ = {
			isa = PBXResourcesBuildPhase;
			buildActionMask = 2147483647;
			files = (
				DC889EF32346660C00B3AB93 /* LaunchScreen.storyboard in Resources */,
				DC889EF02346660C00B3AB93 /* Preview Assets.xcassets in Resources */,
				DC889EED2346660C00B3AB93 /* Assets.xcassets in Resources */,
			);
			runOnlyForDeploymentPostprocessing = 0;
		};
/* End PBXResourcesBuildPhase section */

/* Begin PBXSourcesBuildPhase section */
		DC889EDF2346660900B3AB93 /* Sources */ = {
			isa = PBXSourcesBuildPhase;
			buildActionMask = 2147483647;
			files = (
				DC889EE72346660900B3AB93 /* AppDelegate.swift in Sources */,
				DC889EE92346660A00B3AB93 /* SceneDelegate.swift in Sources */,
				DC889EEB2346660A00B3AB93 /* ContentView.swift in Sources */,
			);
			runOnlyForDeploymentPostprocessing = 0;
		};
/* End PBXSourcesBuildPhase section */

/* Begin PBXVariantGroup section */
		DC889EF12346660C00B3AB93 /* LaunchScreen.storyboard */ = {
			isa = PBXVariantGroup;
			children = (
				DC889EF22346660C00B3AB93 /* Base */,
			);
			name = LaunchScreen.storyboard;
			sourceTree = "<group>";
		};
/* End PBXVariantGroup section */

/* Begin XCBuildConfiguration section */
		DC889EF52346660C00B3AB93 /* Debug */ = {
			isa = XCBuildConfiguration;
			buildSettings = {
				ALWAYS_SEARCH_USER_PATHS = NO;
				CLANG_ANALYZER_NONNULL = YES;
				CLANG_ANALYZER_NUMBER_OBJECT_CONVERSION = YES_AGGRESSIVE;
				CLANG_CXX_LANGUAGE_STANDARD = "gnu++14";
				CLANG_CXX_LIBRARY = "libc++";
				CLANG_ENABLE_MODULES = YES;
				CLANG_ENABLE_OBJC_ARC = YES;
				CLANG_ENABLE_OBJC_WEAK = YES;
				CLANG_WARN_BLOCK_CAPTURE_AUTORELEASING = YES;
				CLANG_WARN_BOOL_CONVERSION = YES;
				CLANG_WARN_COMMA = YES;
				CLANG_WARN_CONSTANT_CONVERSION = YES;
				CLANG_WARN_DEPRECATED_OBJC_IMPLEMENTATIONS = YES;
				CLANG_WARN_DIRECT_OBJC_ISA_USAGE = YES_ERROR;
				CLANG_WARN_DOCUMENTATION_COMMENTS = YES;
				CLANG_WARN_EMPTY_BODY = YES;
				CLANG_WARN_ENUM_CONVERSION = YES;
				CLANG_WARN_INFINITE_RECURSION = YES;
				CLANG_WARN_INT_CONVERSION = YES;
				CLANG_WARN_NON_LITERAL_NULL_CONVERSION = YES;
				CLANG_WARN_OBJC_IMPLICIT_RETAIN_SELF = YES;
				CLANG_WARN_OBJC_LITERAL_CONVERSION = YES;
				CLANG_WARN_OBJC_ROOT_CLASS = YES_ERROR;
				CLANG_WARN_RANGE_LOOP_ANALYSIS = YES;
				CLANG_WARN_STRICT_PROTOTYPES = YES;
				CLANG_WARN_SUSPICIOUS_MOVE = YES;
				CLANG_WARN_UNGUARDED_AVAILABILITY = YES_AGGRESSIVE;
				CLANG_WARN_UNREACHABLE_CODE = YES;
				CLANG_WARN__DUPLICATE_METHOD_MATCH = YES;
				COPY_PHASE_STRIP = NO;
				DEBUG_INFORMATION_FORMAT = dwarf;
				ENABLE_STRICT_OBJC_MSGSEND = YES;
				ENABLE_TESTABILITY = YES;
				GCC_C_LANGUAGE_STANDARD = gnu11;
				GCC_DYNAMIC_NO_PIC = NO;
				GCC_NO_COMMON_BLOCKS = YES;
				GCC_OPTIMIZATION_LEVEL = 0;
				GCC_PREPROCESSOR_DEFINITIONS = (
					"DEBUG=1",
					"$(inherited)",
				);
				GCC_WARN_64_TO_32_BIT_CONVERSION = YES;
				GCC_WARN_ABOUT_RETURN_TYPE = YES_ERROR;
				GCC_WARN_UNDECLARED_SELECTOR = YES;
				GCC_WARN_UNINITIALIZED_AUTOS = YES_AGGRESSIVE;
				GCC_WARN_UNUSED_FUNCTION = YES;
				GCC_WARN_UNUSED_VARIABLE = YES;
				IPHONEOS_DEPLOYMENT_TARGET = 13.0;
				MTL_ENABLE_DEBUG_INFO = INCLUDE_SOURCE;
				MTL_FAST_MATH = YES;
				ONLY_ACTIVE_ARCH = YES;
				SDKROOT = iphoneos;
				SWIFT_ACTIVE_COMPILATION_CONDITIONS = DEBUG;
				SWIFT_OPTIMIZATION_LEVEL = "-Onone";
			};
			name = Debug;
		};
		DC889EF62346660C00B3AB93 /* Release */ = {
			isa = XCBuildConfiguration;
			buildSettings = {
				ALWAYS_SEARCH_USER_PATHS = NO;
				CLANG_ANALYZER_NONNULL = YES;
				CLANG_ANALYZER_NUMBER_OBJECT_CONVERSION = YES_AGGRESSIVE;
				CLANG_CXX_LANGUAGE_STANDARD = "gnu++14";
				CLANG_CXX_LIBRARY = "libc++";
				CLANG_ENABLE_MODULES = YES;
				CLANG_ENABLE_OBJC_ARC = YES;
				CLANG_ENABLE_OBJC_WEAK = YES;
				CLANG_WARN_BLOCK_CAPTURE_AUTORELEASING = YES;
				CLANG_WARN_BOOL_CONVERSION = YES;
				CLANG_WARN_COMMA = YES;
				CLANG_WARN_CONSTANT_CONVERSION = YES;
				CLANG_WARN_DEPRECATED_OBJC_IMPLEMENTATIONS = YES;
				CLANG_WARN_DIRECT_OBJC_ISA_USAGE = YES_ERROR;
				CLANG_WARN_DOCUMENTATION_COMMENTS = YES;
				CLANG_WARN_EMPTY_BODY = YES;
				CLANG_WARN_ENUM_CONVERSION = YES;
				CLANG_WARN_INFINITE_RECURSION = YES;
				CLANG_WARN_INT_CONVERSION = YES;
				CLANG_WARN_NON_LITERAL_NULL_CONVERSION = YES;
				CLANG_WARN_OBJC_IMPLICIT_RETAIN_SELF = YES;
				CLANG_WARN_OBJC_LITERAL_CONVERSION = YES;
				CLANG_WARN_OBJC_ROOT_CLASS = YES_ERROR;
				CLANG_WARN_RANGE_LOOP_ANALYSIS = YES;
				CLANG_WARN_STRICT_PROTOTYPES = YES;
				CLANG_WARN_SUSPICIOUS_MOVE = YES;
				CLANG_WARN_UNGUARDED_AVAILABILITY = YES_AGGRESSIVE;
				CLANG_WARN_UNREACHABLE_CODE = YES;
				CLANG_WARN__DUPLICATE_METHOD_MATCH = YES;
				COPY_PHASE_STRIP = NO;
				DEBUG_INFORMATION_FORMAT = "dwarf-with-dsym";
				ENABLE_NS_ASSERTIONS = NO;
				ENABLE_STRICT_OBJC_MSGSEND = YES;
				GCC_C_LANGUAGE_STANDARD = gnu11;
				GCC_NO_COMMON_BLOCKS = YES;
				GCC_WARN_64_TO_32_BIT_CONVERSION = YES;
				GCC_WARN_ABOUT_RETURN_TYPE = YES_ERROR;
				GCC_WARN_UNDECLARED_SELECTOR = YES;
				GCC_WARN_UNINITIALIZED_AUTOS = YES_AGGRESSIVE;
				GCC_WARN_UNUSED_FUNCTION = YES;
				GCC_WARN_UNUSED_VARIABLE = YES;
				IPHONEOS_DEPLOYMENT_TARGET = 13.0;
				MTL_ENABLE_DEBUG_INFO = NO;
				MTL_FAST_MATH = YES;
				SDKROOT = iphoneos;
				SWIFT_COMPILATION_MODE = wholemodule;
				SWIFT_OPTIMIZATION_LEVEL = "-O";
				VALIDATE_PRODUCT = YES;
			};
			name = Release;
		};
		DC889EF82346660C00B3AB93 /* Debug */ = {
			isa = XCBuildConfiguration;
			buildSettings = {
				ASSETCATALOG_COMPILER_APPICON_NAME = AppIcon;
				CODE_SIGN_STYLE = Automatic;
				DEVELOPMENT_ASSET_PATHS = "\"moya generator example/Preview Content\"";
				DEVELOPMENT_TEAM = 2446C2S383;
				ENABLE_PREVIEWS = YES;
				INFOPLIST_FILE = "moya generator example/Info.plist";
				LD_RUNPATH_SEARCH_PATHS = (
					"$(inherited)",
					"@executable_path/Frameworks",
				);
				PRODUCT_BUNDLE_IDENTIFIER = "com.epcsht.moya-generator-example";
				PRODUCT_NAME = "$(TARGET_NAME)";
				SWIFT_VERSION = 5.0;
				TARGETED_DEVICE_FAMILY = "1,2";
			};
			name = Debug;
		};
		DC889EF92346660C00B3AB93 /* Release */ = {
			isa = XCBuildConfiguration;
			buildSettings = {
				ASSETCATALOG_COMPILER_APPICON_NAME = AppIcon;
				CODE_SIGN_STYLE = Automatic;
				DEVELOPMENT_ASSET_PATHS = "\"moya generator example/Preview Content\"";
				DEVELOPMENT_TEAM = 2446C2S383;
				ENABLE_PREVIEWS = YES;
				INFOPLIST_FILE = "moya generator example/Info.plist";
				LD_RUNPATH_SEARCH_PATHS = (
					"$(inherited)",
					"@executable_path/Frameworks",
				);
				PRODUCT_BUNDLE_IDENTIFIER = "com.epcsht.moya-generator-example";
				PRODUCT_NAME = "$(TARGET_NAME)";
				SWIFT_VERSION = 5.0;
				TARGETED_DEVICE_FAMILY = "1,2";
			};
			name = Release;
		};
/* End XCBuildConfiguration section */

/* Begin XCConfigurationList section */
		DC889EDE2346660900B3AB93 /* Build configuration list for PBXProject "moya generator example" */ = {
			isa = XCConfigurationList;
			buildConfigurations = (
				DC889EF52346660C00B3AB93 /* Debug */,
				DC889EF62346660C00B3AB93 /* Release */,
			);
			defaultConfigurationIsVisible = 0;
			defaultConfigurationName = Release;
		};
		DC889EF72346660C00B3AB93 /* Build configuration list for PBXNativeTarget "moya generator example" */ = {
			isa = XCConfigurationList;
			buildConfigurations = (
				DC889EF82346660C00B3AB93 /* Debug */,
				DC889EF92346660C00B3AB93 /* Release */,
			);
			defaultConfigurationIsVisible = 0;
			defaultConfigurationName = Release;
		};
/* End XCConfigurationList section */
	};
	rootObject = DC889EDB2346660900B3AB93 /* Project object */;
}
